// !$*UTF8*$!
{
	archiveVersion = 1;
	classes = {
	};
	objectVersion = 55;
	objects = {

/* Begin PBXBuildFile section */
		D023E94A285E329200532076 /* SwiftLeeAggregator.xcdatamodeld in Sources */ = {isa = PBXBuildFile; fileRef = D023E948285E329200532076 /* SwiftLeeAggregator.xcdatamodeld */; };
		D0429279284D4DD6001B5810 /* README.md in Resources */ = {isa = PBXBuildFile; fileRef = D0429278284D4DD6001B5810 /* README.md */; };
		D048B841298B0E4400DCF228 /* PostListInnerView.swift in Sources */ = {isa = PBXBuildFile; fileRef = D048B840298B0E4400DCF228 /* PostListInnerView.swift */; };
		D0572323285FCF3100190990 /* FeedDescriptor.swift in Sources */ = {isa = PBXBuildFile; fileRef = D0572322285FCF3100190990 /* FeedDescriptor.swift */; };
		D07D398C2853FEF2000B9EAE /* LICENSE.txt in Resources */ = {isa = PBXBuildFile; fileRef = D07D398B2853FEF2000B9EAE /* LICENSE.txt */; };
		D08100FB286BABC000322917 /* screenshot.png in Resources */ = {isa = PBXBuildFile; fileRef = D08100FA286BABC000322917 /* screenshot.png */; };
		D0C4F800285F31E2001251DA /* PersistenceController.swift in Sources */ = {isa = PBXBuildFile; fileRef = D0C4F7FF285F31E2001251DA /* PersistenceController.swift */; };
		D0CD340B2857E18A0078527E /* UIDevice+IsIPad.swift in Sources */ = {isa = PBXBuildFile; fileRef = D0CD340A2857E18A0078527E /* UIDevice+IsIPad.swift */; };
		D0E69904284BF679003D6AB8 /* SwiftLeeAggregatorApp.swift in Sources */ = {isa = PBXBuildFile; fileRef = D0E698F3284BF679003D6AB8 /* SwiftLeeAggregatorApp.swift */; };
		D0E69905284BF679003D6AB8 /* Assets.xcassets in Resources */ = {isa = PBXBuildFile; fileRef = D0E698F4284BF679003D6AB8 /* Assets.xcassets */; };
		D0E69906284BF679003D6AB8 /* Preview Assets.xcassets in Resources */ = {isa = PBXBuildFile; fileRef = D0E698F6284BF679003D6AB8 /* Preview Assets.xcassets */; };
		D0E69907284BF679003D6AB8 /* Rss2jsonApiKey_.swift in Sources */ = {isa = PBXBuildFile; fileRef = D0E698F8284BF679003D6AB8 /* Rss2jsonApiKey_.swift */; };
		D0E69908284BF679003D6AB8 /* Post.swift in Sources */ = {isa = PBXBuildFile; fileRef = D0E698FA284BF679003D6AB8 /* Post.swift */; };
		D0E69909284BF679003D6AB8 /* Page.swift in Sources */ = {isa = PBXBuildFile; fileRef = D0E698FB284BF679003D6AB8 /* Page.swift */; };
		D0E6990A284BF679003D6AB8 /* PostListView.swift in Sources */ = {isa = PBXBuildFile; fileRef = D0E698FD284BF679003D6AB8 /* PostListView.swift */; };
		D0E6990B284BF679003D6AB8 /* .gitignore in Resources */ = {isa = PBXBuildFile; fileRef = D0E69901284BF679003D6AB8 /* .gitignore */; };
		D0E69910284C09EF003D6AB8 /* Localizable.strings in Resources */ = {isa = PBXBuildFile; fileRef = D0E6990E284C09EF003D6AB8 /* Localizable.strings */; };
		D0E69913284C09EF003D6AB8 /* SwiftLeeAggregator-InfoPlist.strings in Resources */ = {isa = PBXBuildFile; fileRef = D0E69911284C09EF003D6AB8 /* SwiftLeeAggregator-InfoPlist.strings */; };
		D0E69917284C1058003D6AB8 /* Rss2jsonApiKey.swift in Sources */ = {isa = PBXBuildFile; fileRef = D0E69916284C1058003D6AB8 /* Rss2jsonApiKey.swift */; };
		D0F24433286722F9007D2844 /* FoundationExtensions.swift in Sources */ = {isa = PBXBuildFile; fileRef = D0F24432286722F9007D2844 /* FoundationExtensions.swift */; };
/* End PBXBuildFile section */

/* Begin PBXFileReference section */
		D00C87BB2989CD0F0044D673 /* SwiftLeeAggregator-Info.plist */ = {isa = PBXFileReference; lastKnownFileType = text.plist; path = "SwiftLeeAggregator-Info.plist"; sourceTree = "<group>"; };
		D023E949285E329200532076 /* Model_1.xcdatamodel */ = {isa = PBXFileReference; lastKnownFileType = wrapper.xcdatamodel; path = Model_1.xcdatamodel; sourceTree = "<group>"; };
		D0429278284D4DD6001B5810 /* README.md */ = {isa = PBXFileReference; fileEncoding = 4; lastKnownFileType = net.daringfireball.markdown; path = README.md; sourceTree = "<group>"; };
		D048B840298B0E4400DCF228 /* PostListInnerView.swift */ = {isa = PBXFileReference; lastKnownFileType = sourcecode.swift; path = PostListInnerView.swift; sourceTree = "<group>"; };
		D0572322285FCF3100190990 /* FeedDescriptor.swift */ = {isa = PBXFileReference; lastKnownFileType = sourcecode.swift; path = FeedDescriptor.swift; sourceTree = "<group>"; };
		D07D398B2853FEF2000B9EAE /* LICENSE.txt */ = {isa = PBXFileReference; fileEncoding = 4; lastKnownFileType = text; path = LICENSE.txt; sourceTree = "<group>"; };
		D08100FA286BABC000322917 /* screenshot.png */ = {isa = PBXFileReference; lastKnownFileType = image.png; path = screenshot.png; sourceTree = "<group>"; };
		D0C4F7FF285F31E2001251DA /* PersistenceController.swift */ = {isa = PBXFileReference; lastKnownFileType = sourcecode.swift; path = PersistenceController.swift; sourceTree = "<group>"; };
		D0CD340A2857E18A0078527E /* UIDevice+IsIPad.swift */ = {isa = PBXFileReference; fileEncoding = 4; lastKnownFileType = sourcecode.swift; path = "UIDevice+IsIPad.swift"; sourceTree = "<group>"; };
		D0E698D2284BD2FB003D6AB8 /* SwiftLeeAggregator.app */ = {isa = PBXFileReference; explicitFileType = wrapper.application; includeInIndex = 0; path = SwiftLeeAggregator.app; sourceTree = BUILT_PRODUCTS_DIR; };
		D0E698F3284BF679003D6AB8 /* SwiftLeeAggregatorApp.swift */ = {isa = PBXFileReference; fileEncoding = 4; lastKnownFileType = sourcecode.swift; path = SwiftLeeAggregatorApp.swift; sourceTree = "<group>"; };
		D0E698F4284BF679003D6AB8 /* Assets.xcassets */ = {isa = PBXFileReference; lastKnownFileType = folder.assetcatalog; path = Assets.xcassets; sourceTree = "<group>"; };
		D0E698F6284BF679003D6AB8 /* Preview Assets.xcassets */ = {isa = PBXFileReference; lastKnownFileType = folder.assetcatalog; path = "Preview Assets.xcassets"; sourceTree = "<group>"; };
		D0E698F8284BF679003D6AB8 /* Rss2jsonApiKey_.swift */ = {isa = PBXFileReference; fileEncoding = 4; lastKnownFileType = sourcecode.swift; path = Rss2jsonApiKey_.swift; sourceTree = "<group>"; };
		D0E698FA284BF679003D6AB8 /* Post.swift */ = {isa = PBXFileReference; fileEncoding = 4; lastKnownFileType = sourcecode.swift; path = Post.swift; sourceTree = "<group>"; };
		D0E698FB284BF679003D6AB8 /* Page.swift */ = {isa = PBXFileReference; fileEncoding = 4; lastKnownFileType = sourcecode.swift; path = Page.swift; sourceTree = "<group>"; };
		D0E698FD284BF679003D6AB8 /* PostListView.swift */ = {isa = PBXFileReference; fileEncoding = 4; lastKnownFileType = sourcecode.swift; path = PostListView.swift; sourceTree = "<group>"; };
		D0E69901284BF679003D6AB8 /* .gitignore */ = {isa = PBXFileReference; fileEncoding = 4; lastKnownFileType = text; path = .gitignore; sourceTree = "<group>"; };
		D0E69914284C09FF003D6AB8 /* en */ = {isa = PBXFileReference; lastKnownFileType = text.plist.strings; name = en; path = "en.lproj/SwiftLeeAggregator-InfoPlist.strings"; sourceTree = "<group>"; };
		D0E69915284C0B5E003D6AB8 /* en */ = {isa = PBXFileReference; lastKnownFileType = text.plist.strings; name = en; path = en.lproj/Localizable.strings; sourceTree = "<group>"; };
		D0E69916284C1058003D6AB8 /* Rss2jsonApiKey.swift */ = {isa = PBXFileReference; lastKnownFileType = sourcecode.swift; path = Rss2jsonApiKey.swift; sourceTree = "<group>"; };
		D0F24432286722F9007D2844 /* FoundationExtensions.swift */ = {isa = PBXFileReference; lastKnownFileType = sourcecode.swift; path = FoundationExtensions.swift; sourceTree = "<group>"; };
/* End PBXFileReference section */

/* Begin PBXFrameworksBuildPhase section */
		D0E698CF284BD2FB003D6AB8 /* Frameworks */ = {
			isa = PBXFrameworksBuildPhase;
			buildActionMask = 2147483647;
			files = (
			);
			runOnlyForDeploymentPostprocessing = 0;
		};
/* End PBXFrameworksBuildPhase section */

/* Begin PBXGroup section */
		D023E94B285E35F200532076 /* ViewModel */ = {
			isa = PBXGroup;
			children = (
				D0E698FA284BF679003D6AB8 /* Post.swift */,
				D0572322285FCF3100190990 /* FeedDescriptor.swift */,
			);
			path = ViewModel;
			sourceTree = "<group>";
		};
		D0410B4A284E0F6B0012E0E3 /* images */ = {
			isa = PBXGroup;
			children = (
				D08100FA286BABC000322917 /* screenshot.png */,
			);
			path = images;
			sourceTree = "<group>";
		};
		D0E698C9284BD2FB003D6AB8 = {
			isa = PBXGroup;
			children = (
				D0E698F1284BF679003D6AB8 /* SwiftLeeAggregator */,
				D0E698D3284BD2FB003D6AB8 /* Products */,
			);
			sourceTree = "<group>";
		};
		D0E698D3284BD2FB003D6AB8 /* Products */ = {
			isa = PBXGroup;
			children = (
				D0E698D2284BD2FB003D6AB8 /* SwiftLeeAggregator.app */,
			);
			name = Products;
			sourceTree = "<group>";
		};
		D0E698F1284BF679003D6AB8 /* SwiftLeeAggregator */ = {
			isa = PBXGroup;
			children = (
				D0E698F3284BF679003D6AB8 /* SwiftLeeAggregatorApp.swift */,
				D0E698F4284BF679003D6AB8 /* Assets.xcassets */,
				D0E698FC284BF679003D6AB8 /* Views */,
				D023E94B285E35F200532076 /* ViewModel */,
				D0E698F9284BF679003D6AB8 /* Model */,
				D0E698F7284BF679003D6AB8 /* Utilities */,
				D0E698F5284BF679003D6AB8 /* Preview Content */,
				D0E6990E284C09EF003D6AB8 /* Localizable.strings */,
				D0E69911284C09EF003D6AB8 /* SwiftLeeAggregator-InfoPlist.strings */,
				D00C87BB2989CD0F0044D673 /* SwiftLeeAggregator-Info.plist */,
				D0E69901284BF679003D6AB8 /* .gitignore */,
				D0E69902284BF679003D6AB8 /* .github */,
			);
			name = SwiftLeeAggregator;
			sourceTree = "<group>";
		};
		D0E698F5284BF679003D6AB8 /* Preview Content */ = {
			isa = PBXGroup;
			children = (
				D0E698F6284BF679003D6AB8 /* Preview Assets.xcassets */,
			);
			path = "Preview Content";
			sourceTree = "<group>";
		};
		D0E698F7284BF679003D6AB8 /* Utilities */ = {
			isa = PBXGroup;
			children = (
				D0CD340A2857E18A0078527E /* UIDevice+IsIPad.swift */,
				D0E698F8284BF679003D6AB8 /* Rss2jsonApiKey_.swift */,
				D0E69916284C1058003D6AB8 /* Rss2jsonApiKey.swift */,
				D0C4F7FF285F31E2001251DA /* PersistenceController.swift */,
				D0F24432286722F9007D2844 /* FoundationExtensions.swift */,
			);
			path = Utilities;
			sourceTree = "<group>";
		};
		D0E698F9284BF679003D6AB8 /* Model */ = {
			isa = PBXGroup;
			children = (
				D0E698FB284BF679003D6AB8 /* Page.swift */,
				D023E948285E329200532076 /* SwiftLeeAggregator.xcdatamodeld */,
			);
			path = Model;
			sourceTree = "<group>";
		};
		D0E698FC284BF679003D6AB8 /* Views */ = {
			isa = PBXGroup;
			children = (
				D0E698FD284BF679003D6AB8 /* PostListView.swift */,
				D048B840298B0E4400DCF228 /* PostListInnerView.swift */,
			);
			path = Views;
			sourceTree = "<group>";
		};
		D0E69902284BF679003D6AB8 /* .github */ = {
			isa = PBXGroup;
			children = (
				D07D398B2853FEF2000B9EAE /* LICENSE.txt */,
				D0429278284D4DD6001B5810 /* README.md */,
				D0410B4A284E0F6B0012E0E3 /* images */,
			);
			path = .github;
			sourceTree = "<group>";
		};
/* End PBXGroup section */

/* Begin PBXNativeTarget section */
		D0E698D1284BD2FB003D6AB8 /* SwiftLeeAggregator */ = {
			isa = PBXNativeTarget;
			buildConfigurationList = D0E698E0284BD2FC003D6AB8 /* Build configuration list for PBXNativeTarget "SwiftLeeAggregator" */;
			buildPhases = (
				D0E698CE284BD2FB003D6AB8 /* Sources */,
				D0E698CF284BD2FB003D6AB8 /* Frameworks */,
				D0E698D0284BD2FB003D6AB8 /* Resources */,
				D0E69918284C23BF003D6AB8 /* Run SwiftLint */,
			);
			buildRules = (
			);
			dependencies = (
			);
			name = SwiftLeeAggregator;
			productName = SwiftLeeAggregator;
			productReference = D0E698D2284BD2FB003D6AB8 /* SwiftLeeAggregator.app */;
			productType = "com.apple.product-type.application";
		};
/* End PBXNativeTarget section */

/* Begin PBXProject section */
		D0E698CA284BD2FB003D6AB8 /* Project object */ = {
			isa = PBXProject;
			attributes = {
				BuildIndependentTargetsInParallel = 1;
				LastSwiftUpdateCheck = 1320;
				LastUpgradeCheck = 1340;
				TargetAttributes = {
					D0E698D1284BD2FB003D6AB8 = {
						CreatedOnToolsVersion = 13.2.1;
					};
				};
			};
			buildConfigurationList = D0E698CD284BD2FB003D6AB8 /* Build configuration list for PBXProject "SwiftLeeAggregator" */;
			compatibilityVersion = "Xcode 13.0";
			developmentRegion = en;
			hasScannedForEncodings = 0;
			knownRegions = (
				en,
				Base,
				nl,
			);
			mainGroup = D0E698C9284BD2FB003D6AB8;
			productRefGroup = D0E698D3284BD2FB003D6AB8 /* Products */;
			projectDirPath = "";
			projectRoot = "";
			targets = (
				D0E698D1284BD2FB003D6AB8 /* SwiftLeeAggregator */,
			);
		};
/* End PBXProject section */

/* Begin PBXResourcesBuildPhase section */
		D0E698D0284BD2FB003D6AB8 /* Resources */ = {
			isa = PBXResourcesBuildPhase;
			buildActionMask = 2147483647;
			files = (
				D0E69910284C09EF003D6AB8 /* Localizable.strings in Resources */,
				D0E6990B284BF679003D6AB8 /* .gitignore in Resources */,
				D0429279284D4DD6001B5810 /* README.md in Resources */,
				D07D398C2853FEF2000B9EAE /* LICENSE.txt in Resources */,
				D0E69906284BF679003D6AB8 /* Preview Assets.xcassets in Resources */,
				D08100FB286BABC000322917 /* screenshot.png in Resources */,
				D0E69905284BF679003D6AB8 /* Assets.xcassets in Resources */,
				D0E69913284C09EF003D6AB8 /* SwiftLeeAggregator-InfoPlist.strings in Resources */,
			);
			runOnlyForDeploymentPostprocessing = 0;
		};
/* End PBXResourcesBuildPhase section */

/* Begin PBXShellScriptBuildPhase section */
		D0E69918284C23BF003D6AB8 /* Run SwiftLint */ = {
			isa = PBXShellScriptBuildPhase;
			alwaysOutOfDate = 1;
			buildActionMask = 2147483647;
			files = (
			);
			inputFileListPaths = (
			);
			inputPaths = (
			);
			name = "Run SwiftLint";
			outputFileListPaths = (
			);
			outputPaths = (
			);
			runOnlyForDeploymentPostprocessing = 0;
			shellPath = /bin/sh;
			shellScript = "# Adds support for Apple Silicon brew directory\nexport PATH=\"$PATH:/opt/homebrew/bin\"\nif which swiftlint >/dev/null; then\n  swiftlint\nelse\n  echo \"warning: SwiftLint not installed, download from https://github.com/realm/SwiftLint\"\nfi\n";
		};
/* End PBXShellScriptBuildPhase section */

/* Begin PBXSourcesBuildPhase section */
		D0E698CE284BD2FB003D6AB8 /* Sources */ = {
			isa = PBXSourcesBuildPhase;
			buildActionMask = 2147483647;
			files = (
				D0CD340B2857E18A0078527E /* UIDevice+IsIPad.swift in Sources */,
				D0E6990A284BF679003D6AB8 /* PostListView.swift in Sources */,
				D0E69904284BF679003D6AB8 /* SwiftLeeAggregatorApp.swift in Sources */,
				D0E69908284BF679003D6AB8 /* Post.swift in Sources */,
				D0E69909284BF679003D6AB8 /* Page.swift in Sources */,
				D023E94A285E329200532076 /* SwiftLeeAggregator.xcdatamodeld in Sources */,
				D0E69917284C1058003D6AB8 /* Rss2jsonApiKey.swift in Sources */,
				D048B841298B0E4400DCF228 /* PostListInnerView.swift in Sources */,
				D0572323285FCF3100190990 /* FeedDescriptor.swift in Sources */,
				D0E69907284BF679003D6AB8 /* Rss2jsonApiKey_.swift in Sources */,
				D0F24433286722F9007D2844 /* FoundationExtensions.swift in Sources */,
				D0C4F800285F31E2001251DA /* PersistenceController.swift in Sources */,
			);
			runOnlyForDeploymentPostprocessing = 0;
		};
/* End PBXSourcesBuildPhase section */

/* Begin PBXVariantGroup section */
		D0E6990E284C09EF003D6AB8 /* Localizable.strings */ = {
			isa = PBXVariantGroup;
			children = (
				D0E69915284C0B5E003D6AB8 /* en */,
			);
			name = Localizable.strings;
			sourceTree = "<group>";
		};
		D0E69911284C09EF003D6AB8 /* SwiftLeeAggregator-InfoPlist.strings */ = {
			isa = PBXVariantGroup;
			children = (
				D0E69914284C09FF003D6AB8 /* en */,
			);
			name = "SwiftLeeAggregator-InfoPlist.strings";
			sourceTree = "<group>";
		};
/* End PBXVariantGroup section */

/* Begin XCBuildConfiguration section */
		D0E698DE284BD2FC003D6AB8 /* Debug */ = {
			isa = XCBuildConfiguration;
			buildSettings = {
				ALWAYS_SEARCH_USER_PATHS = NO;
				CLANG_ANALYZER_LOCALIZABILITY_NONLOCALIZED = YES;
				CLANG_ANALYZER_NONNULL = YES;
				CLANG_ANALYZER_NUMBER_OBJECT_CONVERSION = YES_AGGRESSIVE;
				CLANG_CXX_LANGUAGE_STANDARD = "gnu++17";
				CLANG_CXX_LIBRARY = "libc++";
				CLANG_ENABLE_MODULES = YES;
				CLANG_ENABLE_OBJC_ARC = YES;
				CLANG_ENABLE_OBJC_WEAK = YES;
				CLANG_WARN_BLOCK_CAPTURE_AUTORELEASING = YES;
				CLANG_WARN_BOOL_CONVERSION = YES;
				CLANG_WARN_COMMA = YES;
				CLANG_WARN_CONSTANT_CONVERSION = YES;
				CLANG_WARN_DEPRECATED_OBJC_IMPLEMENTATIONS = YES;
				CLANG_WARN_DIRECT_OBJC_ISA_USAGE = YES_ERROR;
				CLANG_WARN_DOCUMENTATION_COMMENTS = YES;
				CLANG_WARN_EMPTY_BODY = YES;
				CLANG_WARN_ENUM_CONVERSION = YES;
				CLANG_WARN_INFINITE_RECURSION = YES;
				CLANG_WARN_INT_CONVERSION = YES;
				CLANG_WARN_NON_LITERAL_NULL_CONVERSION = YES;
				CLANG_WARN_OBJC_IMPLICIT_RETAIN_SELF = YES;
				CLANG_WARN_OBJC_LITERAL_CONVERSION = YES;
				CLANG_WARN_OBJC_ROOT_CLASS = YES_ERROR;
				CLANG_WARN_QUOTED_INCLUDE_IN_FRAMEWORK_HEADER = YES;
				CLANG_WARN_RANGE_LOOP_ANALYSIS = YES;
				CLANG_WARN_STRICT_PROTOTYPES = YES;
				CLANG_WARN_SUSPICIOUS_MOVE = YES;
				CLANG_WARN_UNGUARDED_AVAILABILITY = YES_AGGRESSIVE;
				CLANG_WARN_UNREACHABLE_CODE = YES;
				CLANG_WARN__DUPLICATE_METHOD_MATCH = YES;
				COPY_PHASE_STRIP = NO;
				DEBUG_INFORMATION_FORMAT = dwarf;
				ENABLE_STRICT_OBJC_MSGSEND = YES;
				ENABLE_TESTABILITY = YES;
				GCC_C_LANGUAGE_STANDARD = gnu11;
				GCC_DYNAMIC_NO_PIC = NO;
				GCC_NO_COMMON_BLOCKS = YES;
				GCC_OPTIMIZATION_LEVEL = 0;
				GCC_PREPROCESSOR_DEFINITIONS = (
					"DEBUG=1",
					"$(inherited)",
				);
				GCC_WARN_64_TO_32_BIT_CONVERSION = YES;
				GCC_WARN_ABOUT_RETURN_TYPE = YES_ERROR;
				GCC_WARN_UNDECLARED_SELECTOR = YES;
				GCC_WARN_UNINITIALIZED_AUTOS = YES_AGGRESSIVE;
				GCC_WARN_UNUSED_FUNCTION = YES;
				GCC_WARN_UNUSED_VARIABLE = YES;
				IPHONEOS_DEPLOYMENT_TARGET = 15.6;
				MTL_ENABLE_DEBUG_INFO = INCLUDE_SOURCE;
				MTL_FAST_MATH = YES;
				ONLY_ACTIVE_ARCH = YES;
				SDKROOT = iphoneos;
				SWIFT_ACTIVE_COMPILATION_CONDITIONS = DEBUG;
				SWIFT_OPTIMIZATION_LEVEL = "-Onone";
			};
			name = Debug;
		};
		D0E698DF284BD2FC003D6AB8 /* Release */ = {
			isa = XCBuildConfiguration;
			buildSettings = {
				ALWAYS_SEARCH_USER_PATHS = NO;
				CLANG_ANALYZER_LOCALIZABILITY_NONLOCALIZED = YES;
				CLANG_ANALYZER_NONNULL = YES;
				CLANG_ANALYZER_NUMBER_OBJECT_CONVERSION = YES_AGGRESSIVE;
				CLANG_CXX_LANGUAGE_STANDARD = "gnu++17";
				CLANG_CXX_LIBRARY = "libc++";
				CLANG_ENABLE_MODULES = YES;
				CLANG_ENABLE_OBJC_ARC = YES;
				CLANG_ENABLE_OBJC_WEAK = YES;
				CLANG_WARN_BLOCK_CAPTURE_AUTORELEASING = YES;
				CLANG_WARN_BOOL_CONVERSION = YES;
				CLANG_WARN_COMMA = YES;
				CLANG_WARN_CONSTANT_CONVERSION = YES;
				CLANG_WARN_DEPRECATED_OBJC_IMPLEMENTATIONS = YES;
				CLANG_WARN_DIRECT_OBJC_ISA_USAGE = YES_ERROR;
				CLANG_WARN_DOCUMENTATION_COMMENTS = YES;
				CLANG_WARN_EMPTY_BODY = YES;
				CLANG_WARN_ENUM_CONVERSION = YES;
				CLANG_WARN_INFINITE_RECURSION = YES;
				CLANG_WARN_INT_CONVERSION = YES;
				CLANG_WARN_NON_LITERAL_NULL_CONVERSION = YES;
				CLANG_WARN_OBJC_IMPLICIT_RETAIN_SELF = YES;
				CLANG_WARN_OBJC_LITERAL_CONVERSION = YES;
				CLANG_WARN_OBJC_ROOT_CLASS = YES_ERROR;
				CLANG_WARN_QUOTED_INCLUDE_IN_FRAMEWORK_HEADER = YES;
				CLANG_WARN_RANGE_LOOP_ANALYSIS = YES;
				CLANG_WARN_STRICT_PROTOTYPES = YES;
				CLANG_WARN_SUSPICIOUS_MOVE = YES;
				CLANG_WARN_UNGUARDED_AVAILABILITY = YES_AGGRESSIVE;
				CLANG_WARN_UNREACHABLE_CODE = YES;
				CLANG_WARN__DUPLICATE_METHOD_MATCH = YES;
				COPY_PHASE_STRIP = NO;
				DEBUG_INFORMATION_FORMAT = "dwarf-with-dsym";
				ENABLE_NS_ASSERTIONS = NO;
				ENABLE_STRICT_OBJC_MSGSEND = YES;
				GCC_C_LANGUAGE_STANDARD = gnu11;
				GCC_NO_COMMON_BLOCKS = YES;
				GCC_WARN_64_TO_32_BIT_CONVERSION = YES;
				GCC_WARN_ABOUT_RETURN_TYPE = YES_ERROR;
				GCC_WARN_UNDECLARED_SELECTOR = YES;
				GCC_WARN_UNINITIALIZED_AUTOS = YES_AGGRESSIVE;
				GCC_WARN_UNUSED_FUNCTION = YES;
				GCC_WARN_UNUSED_VARIABLE = YES;
				IPHONEOS_DEPLOYMENT_TARGET = 15.6;
				MTL_ENABLE_DEBUG_INFO = NO;
				MTL_FAST_MATH = YES;
				SDKROOT = iphoneos;
				SWIFT_COMPILATION_MODE = wholemodule;
				SWIFT_OPTIMIZATION_LEVEL = "-O";
				VALIDATE_PRODUCT = YES;
			};
			name = Release;
		};
		D0E698E1284BD2FC003D6AB8 /* Debug */ = {
			isa = XCBuildConfiguration;
			buildSettings = {
				ASSETCATALOG_COMPILER_APPICON_NAME = AppIcon;
				ASSETCATALOG_COMPILER_GLOBAL_ACCENT_COLOR_NAME = AccentColor;
				CODE_SIGN_STYLE = Automatic;
				CURRENT_PROJECT_VERSION = 1;
				DEVELOPMENT_ASSET_PATHS = "";
				DEVELOPMENT_TEAM = YDEWPN9GZ6;
				ENABLE_PREVIEWS = YES;
				GENERATE_INFOPLIST_FILE = YES;
				INFOPLIST_FILE = "SwiftLeeAggregator-Info.plist";
				INFOPLIST_KEY_LSApplicationCategoryType = "public.app-category.education";
				INFOPLIST_KEY_UIApplicationSupportsIndirectInputEvents = YES;
				INFOPLIST_KEY_UILaunchScreen_Generation = YES;
				INFOPLIST_KEY_UISupportedInterfaceOrientations_iPad = "UIInterfaceOrientationPortrait UIInterfaceOrientationPortraitUpsideDown UIInterfaceOrientationLandscapeLeft UIInterfaceOrientationLandscapeRight";
				INFOPLIST_KEY_UISupportedInterfaceOrientations_iPhone = "UIInterfaceOrientationPortrait UIInterfaceOrientationLandscapeLeft UIInterfaceOrientationLandscapeRight";
				IPHONEOS_DEPLOYMENT_TARGET = 16.0;
				LD_RUNPATH_SEARCH_PATHS = (
					"$(inherited)",
					"@executable_path/Frameworks",
				);
				MACOSX_DEPLOYMENT_TARGET = 12.4;
				MARKETING_VERSION = 1.0;
				PRODUCT_BUNDLE_IDENTIFIER = com.vdhamer.SwiftLeeAggregator;
				PRODUCT_NAME = SwiftLeeAggregator;
				SUPPORTED_PLATFORMS = "iphoneos iphonesimulator";
				SUPPORTS_MACCATALYST = NO;
				SUPPORTS_MAC_DESIGNED_FOR_IPHONE_IPAD = NO;
				SWIFT_EMIT_LOC_STRINGS = YES;
				SWIFT_VERSION = 5.0;
				TARGETED_DEVICE_FAMILY = "1,2";
			};
			name = Debug;
		};
		D0E698E2284BD2FC003D6AB8 /* Release */ = {
			isa = XCBuildConfiguration;
			buildSettings = {
				ASSETCATALOG_COMPILER_APPICON_NAME = AppIcon;
				ASSETCATALOG_COMPILER_GLOBAL_ACCENT_COLOR_NAME = AccentColor;
				CODE_SIGN_STYLE = Automatic;
				CURRENT_PROJECT_VERSION = 1;
				DEVELOPMENT_ASSET_PATHS = "";
				DEVELOPMENT_TEAM = YDEWPN9GZ6;
				ENABLE_PREVIEWS = YES;
				GENERATE_INFOPLIST_FILE = YES;
				INFOPLIST_FILE = "SwiftLeeAggregator-Info.plist";
				INFOPLIST_KEY_LSApplicationCategoryType = "public.app-category.education";
				INFOPLIST_KEY_UIApplicationSupportsIndirectInputEvents = YES;
				INFOPLIST_KEY_UILaunchScreen_Generation = YES;
				INFOPLIST_KEY_UISupportedInterfaceOrientations_iPad = "UIInterfaceOrientationPortrait UIInterfaceOrientationPortraitUpsideDown UIInterfaceOrientationLandscapeLeft UIInterfaceOrientationLandscapeRight";
				INFOPLIST_KEY_UISupportedInterfaceOrientations_iPhone = "UIInterfaceOrientationPortrait UIInterfaceOrientationLandscapeLeft UIInterfaceOrientationLandscapeRight";
				IPHONEOS_DEPLOYMENT_TARGET = 16.0;
				LD_RUNPATH_SEARCH_PATHS = (
					"$(inherited)",
					"@executable_path/Frameworks",
				);
				MACOSX_DEPLOYMENT_TARGET = 12.4;
				MARKETING_VERSION = 1.0;
				PRODUCT_BUNDLE_IDENTIFIER = com.vdhamer.SwiftLeeAggregator;
				PRODUCT_NAME = SwiftLeeAggregator;
				SUPPORTED_PLATFORMS = "iphoneos iphonesimulator";
				SUPPORTS_MACCATALYST = NO;
				SUPPORTS_MAC_DESIGNED_FOR_IPHONE_IPAD = NO;
				SWIFT_EMIT_LOC_STRINGS = YES;
				SWIFT_VERSION = 5.0;
				TARGETED_DEVICE_FAMILY = "1,2";
			};
			name = Release;
		};
/* End XCBuildConfiguration section */

/* Begin XCConfigurationList section */
		D0E698CD284BD2FB003D6AB8 /* Build configuration list for PBXProject "SwiftLeeAggregator" */ = {
			isa = XCConfigurationList;
			buildConfigurations = (
				D0E698DE284BD2FC003D6AB8 /* Debug */,
				D0E698DF284BD2FC003D6AB8 /* Release */,
			);
			defaultConfigurationIsVisible = 0;
			defaultConfigurationName = Release;
		};
		D0E698E0284BD2FC003D6AB8 /* Build configuration list for PBXNativeTarget "SwiftLeeAggregator" */ = {
			isa = XCConfigurationList;
			buildConfigurations = (
				D0E698E1284BD2FC003D6AB8 /* Debug */,
				D0E698E2284BD2FC003D6AB8 /* Release */,
			);
			defaultConfigurationIsVisible = 0;
			defaultConfigurationName = Release;
		};
/* End XCConfigurationList section */

/* Begin XCVersionGroup section */
		D023E948285E329200532076 /* SwiftLeeAggregator.xcdatamodeld */ = {
			isa = XCVersionGroup;
			children = (
				D023E949285E329200532076 /* Model_1.xcdatamodel */,
			);
			currentVersion = D023E949285E329200532076 /* Model_1.xcdatamodel */;
			path = SwiftLeeAggregator.xcdatamodeld;
			sourceTree = "<group>";
			versionGroupType = wrapper.xcdatamodel;
		};
/* End XCVersionGroup section */
	};
	rootObject = D0E698CA284BD2FB003D6AB8 /* Project object */;
}
